// !$*UTF8*$!
{
	archiveVersion = 1;
	classes = {
	};
	objectVersion = 50;
	objects = {

/* Begin PBXBuildFile section */
		4805A67F24A0F35A00E64E05 /* Constant.swift in Sources */ = {isa = PBXBuildFile; fileRef = 4805A67E24A0F35A00E64E05 /* Constant.swift */; };
		480AE11024BA246900D70A7B /* UploadTweetController.swift in Sources */ = {isa = PBXBuildFile; fileRef = 480AE10F24BA246900D70A7B /* UploadTweetController.swift */; };
		480AE11224BA30BB00D70A7B /* CaptionTextView.swift in Sources */ = {isa = PBXBuildFile; fileRef = 480AE11124BA30BB00D70A7B /* CaptionTextView.swift */; };
		480AE11424BA35CA00D70A7B /* TweetService.swift in Sources */ = {isa = PBXBuildFile; fileRef = 480AE11324BA35CA00D70A7B /* TweetService.swift */; };
		480AE11624BA3DD500D70A7B /* Tweet.swift in Sources */ = {isa = PBXBuildFile; fileRef = 480AE11524BA3DD500D70A7B /* Tweet.swift */; };
		482C4E2C24B9D4840094AB5B /* User.swift in Sources */ = {isa = PBXBuildFile; fileRef = 482C4E2B24B9D4840094AB5B /* User.swift */; };
		482DA20A249E4C1900F77BCF /* MainTabBarController.swift in Sources */ = {isa = PBXBuildFile; fileRef = 482DA209249E4C1900F77BCF /* MainTabBarController.swift */; };
		483555CF24A8B47600D53180 /* AuthService.swift in Sources */ = {isa = PBXBuildFile; fileRef = 483555CE24A8B47600D53180 /* AuthService.swift */; };
		483555D124A8ED1B00D53180 /* UsersService.swift in Sources */ = {isa = PBXBuildFile; fileRef = 483555D024A8ED1B00D53180 /* UsersService.swift */; };
		4879004324BB468600070D96 /* TweetCell.swift in Sources */ = {isa = PBXBuildFile; fileRef = 4879004224BB468600070D96 /* TweetCell.swift */; };
		48812415249E7BF00024A3DD /* FeedViewController.swift in Sources */ = {isa = PBXBuildFile; fileRef = 48812414249E7BF00024A3DD /* FeedViewController.swift */; };
		48812417249E7D310024A3DD /* ExploreViewController.swift in Sources */ = {isa = PBXBuildFile; fileRef = 48812416249E7D310024A3DD /* ExploreViewController.swift */; };
		48812419249E7D500024A3DD /* NotificationsViewController.swift in Sources */ = {isa = PBXBuildFile; fileRef = 48812418249E7D500024A3DD /* NotificationsViewController.swift */; };
		4881241B249E7D880024A3DD /* ConversationViewController.swift in Sources */ = {isa = PBXBuildFile; fileRef = 4881241A249E7D880024A3DD /* ConversationViewController.swift */; };
		4881241D249E80170024A3DD /* Assets.xcassets in Resources */ = {isa = PBXBuildFile; fileRef = 4881241C249E80160024A3DD /* Assets.xcassets */; };
		4889B82C249F5A16003612EB /* Extension.swift in Sources */ = {isa = PBXBuildFile; fileRef = 4889B82B249F5A16003612EB /* Extension.swift */; };
		4889B82F249F7D3B003612EB /* LoginController.swift in Sources */ = {isa = PBXBuildFile; fileRef = 4889B82E249F7D3B003612EB /* LoginController.swift */; };
		4889B831249F7D9A003612EB /* SignupController.swift in Sources */ = {isa = PBXBuildFile; fileRef = 4889B830249F7D9A003612EB /* SignupController.swift */; };
		4889B833249F94E8003612EB /* Utilites.swift in Sources */ = {isa = PBXBuildFile; fileRef = 4889B832249F94E8003612EB /* Utilites.swift */; };
		489F989824A0CAD0009BD380 /* GoogleService-Info.plist in Resources */ = {isa = PBXBuildFile; fileRef = 489F989724A0CAD0009BD380 /* GoogleService-Info.plist */; };
		48A78148249E229C001209DA /* AppDelegate.swift in Sources */ = {isa = PBXBuildFile; fileRef = 48A78147249E229C001209DA /* AppDelegate.swift */; };
		48A7814A249E229C001209DA /* SceneDelegate.swift in Sources */ = {isa = PBXBuildFile; fileRef = 48A78149249E229C001209DA /* SceneDelegate.swift */; };
		48A7814F249E229C001209DA /* Main.storyboard in Resources */ = {isa = PBXBuildFile; fileRef = 48A7814D249E229C001209DA /* Main.storyboard */; };
		48A78154249E229D001209DA /* LaunchScreen.storyboard in Resources */ = {isa = PBXBuildFile; fileRef = 48A78152249E229D001209DA /* LaunchScreen.storyboard */; };
		DB23B434396F466ED38E8351 /* libPods-TwitterClone.a in Frameworks */ = {isa = PBXBuildFile; fileRef = C842AF411A03F2CA69940B19 /* libPods-TwitterClone.a */; };
/* End PBXBuildFile section */

/* Begin PBXFileReference section */
		4805A67E24A0F35A00E64E05 /* Constant.swift */ = {isa = PBXFileReference; lastKnownFileType = sourcecode.swift; path = Constant.swift; sourceTree = "<group>"; };
		480AE10F24BA246900D70A7B /* UploadTweetController.swift */ = {isa = PBXFileReference; lastKnownFileType = sourcecode.swift; path = UploadTweetController.swift; sourceTree = "<group>"; };
		480AE11124BA30BB00D70A7B /* CaptionTextView.swift */ = {isa = PBXFileReference; lastKnownFileType = sourcecode.swift; path = CaptionTextView.swift; sourceTree = "<group>"; };
		480AE11324BA35CA00D70A7B /* TweetService.swift */ = {isa = PBXFileReference; lastKnownFileType = sourcecode.swift; path = TweetService.swift; sourceTree = "<group>"; };
		480AE11524BA3DD500D70A7B /* Tweet.swift */ = {isa = PBXFileReference; lastKnownFileType = sourcecode.swift; path = Tweet.swift; sourceTree = "<group>"; };
		482C4E2B24B9D4840094AB5B /* User.swift */ = {isa = PBXFileReference; lastKnownFileType = sourcecode.swift; path = User.swift; sourceTree = "<group>"; };
		482DA209249E4C1900F77BCF /* MainTabBarController.swift */ = {isa = PBXFileReference; lastKnownFileType = sourcecode.swift; path = MainTabBarController.swift; sourceTree = "<group>"; };
		483555CE24A8B47600D53180 /* AuthService.swift */ = {isa = PBXFileReference; lastKnownFileType = sourcecode.swift; path = AuthService.swift; sourceTree = "<group>"; };
		483555D024A8ED1B00D53180 /* UsersService.swift */ = {isa = PBXFileReference; lastKnownFileType = sourcecode.swift; path = UsersService.swift; sourceTree = "<group>"; };
		4879004224BB468600070D96 /* TweetCell.swift */ = {isa = PBXFileReference; lastKnownFileType = sourcecode.swift; path = TweetCell.swift; sourceTree = "<group>"; };
		48812414249E7BF00024A3DD /* FeedViewController.swift */ = {isa = PBXFileReference; lastKnownFileType = sourcecode.swift; path = FeedViewController.swift; sourceTree = "<group>"; };
		48812416249E7D310024A3DD /* ExploreViewController.swift */ = {isa = PBXFileReference; lastKnownFileType = sourcecode.swift; path = ExploreViewController.swift; sourceTree = "<group>"; };
		48812418249E7D500024A3DD /* NotificationsViewController.swift */ = {isa = PBXFileReference; lastKnownFileType = sourcecode.swift; path = NotificationsViewController.swift; sourceTree = "<group>"; };
		4881241A249E7D880024A3DD /* ConversationViewController.swift */ = {isa = PBXFileReference; lastKnownFileType = sourcecode.swift; path = ConversationViewController.swift; sourceTree = "<group>"; };
		4881241C249E80160024A3DD /* Assets.xcassets */ = {isa = PBXFileReference; lastKnownFileType = folder.assetcatalog; name = Assets.xcassets; path = ../../../../Desktop/Swift_Twitter_MVVM/Assets.xcassets; sourceTree = "<group>"; };
		4889B82B249F5A16003612EB /* Extension.swift */ = {isa = PBXFileReference; lastKnownFileType = sourcecode.swift; path = Extension.swift; sourceTree = "<group>"; };
		4889B82E249F7D3B003612EB /* LoginController.swift */ = {isa = PBXFileReference; lastKnownFileType = sourcecode.swift; path = LoginController.swift; sourceTree = "<group>"; };
		4889B830249F7D9A003612EB /* SignupController.swift */ = {isa = PBXFileReference; lastKnownFileType = sourcecode.swift; path = SignupController.swift; sourceTree = "<group>"; };
		4889B832249F94E8003612EB /* Utilites.swift */ = {isa = PBXFileReference; lastKnownFileType = sourcecode.swift; path = Utilites.swift; sourceTree = "<group>"; };
		489F989724A0CAD0009BD380 /* GoogleService-Info.plist */ = {isa = PBXFileReference; fileEncoding = 4; lastKnownFileType = text.plist.xml; path = "GoogleService-Info.plist"; sourceTree = "<group>"; };
		48A78144249E229C001209DA /* TwitterMVVM.app */ = {isa = PBXFileReference; explicitFileType = wrapper.application; includeInIndex = 0; path = TwitterMVVM.app; sourceTree = BUILT_PRODUCTS_DIR; };
		48A78147249E229C001209DA /* AppDelegate.swift */ = {isa = PBXFileReference; lastKnownFileType = sourcecode.swift; path = AppDelegate.swift; sourceTree = "<group>"; };
		48A78149249E229C001209DA /* SceneDelegate.swift */ = {isa = PBXFileReference; lastKnownFileType = sourcecode.swift; path = SceneDelegate.swift; sourceTree = "<group>"; };
		48A7814E249E229C001209DA /* Base */ = {isa = PBXFileReference; lastKnownFileType = file.storyboard; name = Base; path = Base.lproj/Main.storyboard; sourceTree = "<group>"; };
		48A78153249E229D001209DA /* Base */ = {isa = PBXFileReference; lastKnownFileType = file.storyboard; name = Base; path = Base.lproj/LaunchScreen.storyboard; sourceTree = "<group>"; };
		48A78155249E229D001209DA /* Info.plist */ = {isa = PBXFileReference; lastKnownFileType = text.plist.xml; path = Info.plist; sourceTree = "<group>"; };
		64BCD31269A9BA30793D3CD5 /* Pods-TwitterClone.release.xcconfig */ = {isa = PBXFileReference; includeInIndex = 1; lastKnownFileType = text.xcconfig; name = "Pods-TwitterClone.release.xcconfig"; path = "Target Support Files/Pods-TwitterClone/Pods-TwitterClone.release.xcconfig"; sourceTree = "<group>"; };
		A05416F12F7CB59FED7F7ACC /* Pods-TwitterClone.debug.xcconfig */ = {isa = PBXFileReference; includeInIndex = 1; lastKnownFileType = text.xcconfig; name = "Pods-TwitterClone.debug.xcconfig"; path = "Target Support Files/Pods-TwitterClone/Pods-TwitterClone.debug.xcconfig"; sourceTree = "<group>"; };
		C842AF411A03F2CA69940B19 /* libPods-TwitterClone.a */ = {isa = PBXFileReference; explicitFileType = archive.ar; includeInIndex = 0; path = "libPods-TwitterClone.a"; sourceTree = BUILT_PRODUCTS_DIR; };
/* End PBXFileReference section */

/* Begin PBXFrameworksBuildPhase section */
		48A78141249E229C001209DA /* Frameworks */ = {
			isa = PBXFrameworksBuildPhase;
			buildActionMask = 2147483647;
			files = (
				DB23B434396F466ED38E8351 /* libPods-TwitterClone.a in Frameworks */,
			);
			runOnlyForDeploymentPostprocessing = 0;
		};
/* End PBXFrameworksBuildPhase section */

/* Begin PBXGroup section */
		482DA203249E255800F77BCF /* Util */ = {
			isa = PBXGroup;
			children = (
				4889B82B249F5A16003612EB /* Extension.swift */,
				4889B832249F94E8003612EB /* Utilites.swift */,
				4805A67E24A0F35A00E64E05 /* Constant.swift */,
			);
			path = Util;
			sourceTree = "<group>";
		};
		482DA204249E256300F77BCF /* API */ = {
			isa = PBXGroup;
			children = (
				483555CE24A8B47600D53180 /* AuthService.swift */,
				483555D024A8ED1B00D53180 /* UsersService.swift */,
				480AE11324BA35CA00D70A7B /* TweetService.swift */,
			);
			path = API;
			sourceTree = "<group>";
		};
		482DA205249E256600F77BCF /* Controllers */ = {
			isa = PBXGroup;
			children = (
				4889B82D249F7D2B003612EB /* Authentication */,
				482DA209249E4C1900F77BCF /* MainTabBarController.swift */,
				48812414249E7BF00024A3DD /* FeedViewController.swift */,
				48812416249E7D310024A3DD /* ExploreViewController.swift */,
				48812418249E7D500024A3DD /* NotificationsViewController.swift */,
				4881241A249E7D880024A3DD /* ConversationViewController.swift */,
				480AE10F24BA246900D70A7B /* UploadTweetController.swift */,
			);
			path = Controllers;
			sourceTree = "<group>";
		};
		482DA206249E256900F77BCF /* ModelView */ = {
			isa = PBXGroup;
			children = (
			);
			path = ModelView;
			sourceTree = "<group>";
		};
		482DA207249E256C00F77BCF /* Model */ = {
			isa = PBXGroup;
			children = (
				482C4E2B24B9D4840094AB5B /* User.swift */,
				480AE11524BA3DD500D70A7B /* Tweet.swift */,
			);
			path = Model;
			sourceTree = "<group>";
		};
		482DA208249E256F00F77BCF /* View */ = {
			isa = PBXGroup;
			children = (
				480AE11124BA30BB00D70A7B /* CaptionTextView.swift */,
				4879004224BB468600070D96 /* TweetCell.swift */,
			);
			path = View;
			sourceTree = "<group>";
		};
		4889B82D249F7D2B003612EB /* Authentication */ = {
			isa = PBXGroup;
			children = (
				4889B82E249F7D3B003612EB /* LoginController.swift */,
				4889B830249F7D9A003612EB /* SignupController.swift */,
			);
			path = Authentication;
			sourceTree = "<group>";
		};
		48A7813B249E229C001209DA = {
			isa = PBXGroup;
			children = (
				48A78146249E229C001209DA /* TwitterClone */,
				48A78145249E229C001209DA /* Products */,
				A823A4FB58390497BE4804EA /* Pods */,
				A56031207687030E11A19D58 /* Frameworks */,
			);
			sourceTree = "<group>";
		};
		48A78145249E229C001209DA /* Products */ = {
			isa = PBXGroup;
			children = (
				48A78144249E229C001209DA /* TwitterMVVM.app */,
			);
			name = Products;
			sourceTree = "<group>";
		};
		48A78146249E229C001209DA /* TwitterClone */ = {
			isa = PBXGroup;
			children = (
				482DA208249E256F00F77BCF /* View */,
				482DA207249E256C00F77BCF /* Model */,
				482DA206249E256900F77BCF /* ModelView */,
				482DA205249E256600F77BCF /* Controllers */,
				482DA204249E256300F77BCF /* API */,
				482DA203249E255800F77BCF /* Util */,
				48A78147249E229C001209DA /* AppDelegate.swift */,
				48A78149249E229C001209DA /* SceneDelegate.swift */,
				4881241C249E80160024A3DD /* Assets.xcassets */,
				48A7814D249E229C001209DA /* Main.storyboard */,
				48A78152249E229D001209DA /* LaunchScreen.storyboard */,
				489F989724A0CAD0009BD380 /* GoogleService-Info.plist */,
				48A78155249E229D001209DA /* Info.plist */,
			);
			path = TwitterClone;
			sourceTree = "<group>";
		};
		A56031207687030E11A19D58 /* Frameworks */ = {
			isa = PBXGroup;
			children = (
				C842AF411A03F2CA69940B19 /* libPods-TwitterClone.a */,
			);
			name = Frameworks;
			sourceTree = "<group>";
		};
		A823A4FB58390497BE4804EA /* Pods */ = {
			isa = PBXGroup;
			children = (
				A05416F12F7CB59FED7F7ACC /* Pods-TwitterClone.debug.xcconfig */,
				64BCD31269A9BA30793D3CD5 /* Pods-TwitterClone.release.xcconfig */,
			);
			path = Pods;
			sourceTree = "<group>";
		};
/* End PBXGroup section */

/* Begin PBXNativeTarget section */
		48A78143249E229C001209DA /* TwitterClone */ = {
			isa = PBXNativeTarget;
			buildConfigurationList = 48A78158249E229D001209DA /* Build configuration list for PBXNativeTarget "TwitterClone" */;
			buildPhases = (
				94E241A876EBDFA110F87420 /* [CP] Check Pods Manifest.lock */,
				48A78140249E229C001209DA /* Sources */,
				48A78141249E229C001209DA /* Frameworks */,
				48A78142249E229C001209DA /* Resources */,
			);
			buildRules = (
			);
			dependencies = (
			);
			name = TwitterClone;
			productName = TwitterClone;
			productReference = 48A78144249E229C001209DA /* TwitterMVVM.app */;
			productType = "com.apple.product-type.application";
		};
/* End PBXNativeTarget section */

/* Begin PBXProject section */
		48A7813C249E229C001209DA /* Project object */ = {
			isa = PBXProject;
			attributes = {
				LastSwiftUpdateCheck = 1130;
				LastUpgradeCheck = 1130;
				ORGANIZATIONNAME = "Sudhanshu-Air";
				TargetAttributes = {
					48A78143249E229C001209DA = {
						CreatedOnToolsVersion = 11.3.1;
					};
				};
			};
			buildConfigurationList = 48A7813F249E229C001209DA /* Build configuration list for PBXProject "TwitterClone" */;
			compatibilityVersion = "Xcode 9.3";
			developmentRegion = en;
			hasScannedForEncodings = 0;
			knownRegions = (
				en,
				Base,
			);
			mainGroup = 48A7813B249E229C001209DA;
			productRefGroup = 48A78145249E229C001209DA /* Products */;
			projectDirPath = "";
			projectRoot = "";
			targets = (
				48A78143249E229C001209DA /* TwitterClone */,
			);
		};
/* End PBXProject section */

/* Begin PBXResourcesBuildPhase section */
		48A78142249E229C001209DA /* Resources */ = {
			isa = PBXResourcesBuildPhase;
			buildActionMask = 2147483647;
			files = (
				48A78154249E229D001209DA /* LaunchScreen.storyboard in Resources */,
				489F989824A0CAD0009BD380 /* GoogleService-Info.plist in Resources */,
				4881241D249E80170024A3DD /* Assets.xcassets in Resources */,
				48A7814F249E229C001209DA /* Main.storyboard in Resources */,
			);
			runOnlyForDeploymentPostprocessing = 0;
		};
/* End PBXResourcesBuildPhase section */

/* Begin PBXShellScriptBuildPhase section */
		94E241A876EBDFA110F87420 /* [CP] Check Pods Manifest.lock */ = {
			isa = PBXShellScriptBuildPhase;
			buildActionMask = 2147483647;
			files = (
			);
			inputFileListPaths = (
			);
			inputPaths = (
				"${PODS_PODFILE_DIR_PATH}/Podfile.lock",
				"${PODS_ROOT}/Manifest.lock",
			);
			name = "[CP] Check Pods Manifest.lock";
			outputFileListPaths = (
			);
			outputPaths = (
				"$(DERIVED_FILE_DIR)/Pods-TwitterClone-checkManifestLockResult.txt",
			);
			runOnlyForDeploymentPostprocessing = 0;
			shellPath = /bin/sh;
			shellScript = "diff \"${PODS_PODFILE_DIR_PATH}/Podfile.lock\" \"${PODS_ROOT}/Manifest.lock\" > /dev/null\nif [ $? != 0 ] ; then\n    # print error to STDERR\n    echo \"error: The sandbox is not in sync with the Podfile.lock. Run 'pod install' or update your CocoaPods installation.\" >&2\n    exit 1\nfi\n# This output is used by Xcode 'outputs' to avoid re-running this script phase.\necho \"SUCCESS\" > \"${SCRIPT_OUTPUT_FILE_0}\"\n";
			showEnvVarsInLog = 0;
		};
/* End PBXShellScriptBuildPhase section */

/* Begin PBXSourcesBuildPhase section */
		48A78140249E229C001209DA /* Sources */ = {
			isa = PBXSourcesBuildPhase;
			buildActionMask = 2147483647;
			files = (
				4881241B249E7D880024A3DD /* ConversationViewController.swift in Sources */,
				48A78148249E229C001209DA /* AppDelegate.swift in Sources */,
				480AE11224BA30BB00D70A7B /* CaptionTextView.swift in Sources */,
				48A7814A249E229C001209DA /* SceneDelegate.swift in Sources */,
				4889B831249F7D9A003612EB /* SignupController.swift in Sources */,
				4889B833249F94E8003612EB /* Utilites.swift in Sources */,
				48812417249E7D310024A3DD /* ExploreViewController.swift in Sources */,
				4879004324BB468600070D96 /* TweetCell.swift in Sources */,
				483555CF24A8B47600D53180 /* AuthService.swift in Sources */,
				4889B82F249F7D3B003612EB /* LoginController.swift in Sources */,
				480AE11024BA246900D70A7B /* UploadTweetController.swift in Sources */,
				482C4E2C24B9D4840094AB5B /* User.swift in Sources */,
				48812419249E7D500024A3DD /* NotificationsViewController.swift in Sources */,
				48812415249E7BF00024A3DD /* FeedViewController.swift in Sources */,
				482DA20A249E4C1900F77BCF /* MainTabBarController.swift in Sources */,
				4889B82C249F5A16003612EB /* Extension.swift in Sources */,
				483555D124A8ED1B00D53180 /* UsersService.swift in Sources */,
				4805A67F24A0F35A00E64E05 /* Constant.swift in Sources */,
				480AE11624BA3DD500D70A7B /* Tweet.swift in Sources */,
				480AE11424BA35CA00D70A7B /* TweetService.swift in Sources */,
			);
			runOnlyForDeploymentPostprocessing = 0;
		};
/* End PBXSourcesBuildPhase section */

/* Begin PBXVariantGroup section */
		48A7814D249E229C001209DA /* Main.storyboard */ = {
			isa = PBXVariantGroup;
			children = (
				48A7814E249E229C001209DA /* Base */,
			);
			name = Main.storyboard;
			sourceTree = "<group>";
		};
		48A78152249E229D001209DA /* LaunchScreen.storyboard */ = {
			isa = PBXVariantGroup;
			children = (
				48A78153249E229D001209DA /* Base */,
			);
			name = LaunchScreen.storyboard;
			sourceTree = "<group>";
		};
/* End PBXVariantGroup section */

/* Begin XCBuildConfiguration section */
		48A78156249E229D001209DA /* Debug */ = {
			isa = XCBuildConfiguration;
			buildSettings = {
				ALWAYS_SEARCH_USER_PATHS = NO;
				CLANG_ANALYZER_NONNULL = YES;
				CLANG_ANALYZER_NUMBER_OBJECT_CONVERSION = YES_AGGRESSIVE;
				CLANG_CXX_LANGUAGE_STANDARD = "gnu++14";
				CLANG_CXX_LIBRARY = "libc++";
				CLANG_ENABLE_MODULES = YES;
				CLANG_ENABLE_OBJC_ARC = YES;
				CLANG_ENABLE_OBJC_WEAK = YES;
				CLANG_WARN_BLOCK_CAPTURE_AUTORELEASING = YES;
				CLANG_WARN_BOOL_CONVERSION = YES;
				CLANG_WARN_COMMA = YES;
				CLANG_WARN_CONSTANT_CONVERSION = YES;
				CLANG_WARN_DEPRECATED_OBJC_IMPLEMENTATIONS = YES;
				CLANG_WARN_DIRECT_OBJC_ISA_USAGE = YES_ERROR;
				CLANG_WARN_DOCUMENTATION_COMMENTS = YES;
				CLANG_WARN_EMPTY_BODY = YES;
				CLANG_WARN_ENUM_CONVERSION = YES;
				CLANG_WARN_INFINITE_RECURSION = YES;
				CLANG_WARN_INT_CONVERSION = YES;
				CLANG_WARN_NON_LITERAL_NULL_CONVERSION = YES;
				CLANG_WARN_OBJC_IMPLICIT_RETAIN_SELF = YES;
				CLANG_WARN_OBJC_LITERAL_CONVERSION = YES;
				CLANG_WARN_OBJC_ROOT_CLASS = YES_ERROR;
				CLANG_WARN_RANGE_LOOP_ANALYSIS = YES;
				CLANG_WARN_STRICT_PROTOTYPES = YES;
				CLANG_WARN_SUSPICIOUS_MOVE = YES;
				CLANG_WARN_UNGUARDED_AVAILABILITY = YES_AGGRESSIVE;
				CLANG_WARN_UNREACHABLE_CODE = YES;
				CLANG_WARN__DUPLICATE_METHOD_MATCH = YES;
				COPY_PHASE_STRIP = NO;
				DEBUG_INFORMATION_FORMAT = dwarf;
				ENABLE_STRICT_OBJC_MSGSEND = YES;
				ENABLE_TESTABILITY = YES;
				GCC_C_LANGUAGE_STANDARD = gnu11;
				GCC_DYNAMIC_NO_PIC = NO;
				GCC_NO_COMMON_BLOCKS = YES;
				GCC_OPTIMIZATION_LEVEL = 0;
				GCC_PREPROCESSOR_DEFINITIONS = (
					"DEBUG=1",
					"$(inherited)",
				);
				GCC_WARN_64_TO_32_BIT_CONVERSION = YES;
				GCC_WARN_ABOUT_RETURN_TYPE = YES_ERROR;
				GCC_WARN_UNDECLARED_SELECTOR = YES;
				GCC_WARN_UNINITIALIZED_AUTOS = YES_AGGRESSIVE;
				GCC_WARN_UNUSED_FUNCTION = YES;
				GCC_WARN_UNUSED_VARIABLE = YES;
				IPHONEOS_DEPLOYMENT_TARGET = 13.2;
				MTL_ENABLE_DEBUG_INFO = INCLUDE_SOURCE;
				MTL_FAST_MATH = YES;
				ONLY_ACTIVE_ARCH = YES;
				SDKROOT = iphoneos;
				SWIFT_ACTIVE_COMPILATION_CONDITIONS = DEBUG;
				SWIFT_OPTIMIZATION_LEVEL = "-Onone";
			};
			name = Debug;
		};
		48A78157249E229D001209DA /* Release */ = {
			isa = XCBuildConfiguration;
			buildSettings = {
				ALWAYS_SEARCH_USER_PATHS = NO;
				CLANG_ANALYZER_NONNULL = YES;
				CLANG_ANALYZER_NUMBER_OBJECT_CONVERSION = YES_AGGRESSIVE;
				CLANG_CXX_LANGUAGE_STANDARD = "gnu++14";
				CLANG_CXX_LIBRARY = "libc++";
				CLANG_ENABLE_MODULES = YES;
				CLANG_ENABLE_OBJC_ARC = YES;
				CLANG_ENABLE_OBJC_WEAK = YES;
				CLANG_WARN_BLOCK_CAPTURE_AUTORELEASING = YES;
				CLANG_WARN_BOOL_CONVERSION = YES;
				CLANG_WARN_COMMA = YES;
				CLANG_WARN_CONSTANT_CONVERSION = YES;
				CLANG_WARN_DEPRECATED_OBJC_IMPLEMENTATIONS = YES;
				CLANG_WARN_DIRECT_OBJC_ISA_USAGE = YES_ERROR;
				CLANG_WARN_DOCUMENTATION_COMMENTS = YES;
				CLANG_WARN_EMPTY_BODY = YES;
				CLANG_WARN_ENUM_CONVERSION = YES;
				CLANG_WARN_INFINITE_RECURSION = YES;
				CLANG_WARN_INT_CONVERSION = YES;
				CLANG_WARN_NON_LITERAL_NULL_CONVERSION = YES;
				CLANG_WARN_OBJC_IMPLICIT_RETAIN_SELF = YES;
				CLANG_WARN_OBJC_LITERAL_CONVERSION = YES;
				CLANG_WARN_OBJC_ROOT_CLASS = YES_ERROR;
				CLANG_WARN_RANGE_LOOP_ANALYSIS = YES;
				CLANG_WARN_STRICT_PROTOTYPES = YES;
				CLANG_WARN_SUSPICIOUS_MOVE = YES;
				CLANG_WARN_UNGUARDED_AVAILABILITY = YES_AGGRESSIVE;
				CLANG_WARN_UNREACHABLE_CODE = YES;
				CLANG_WARN__DUPLICATE_METHOD_MATCH = YES;
				COPY_PHASE_STRIP = NO;
				DEBUG_INFORMATION_FORMAT = "dwarf-with-dsym";
				ENABLE_NS_ASSERTIONS = NO;
				ENABLE_STRICT_OBJC_MSGSEND = YES;
				GCC_C_LANGUAGE_STANDARD = gnu11;
				GCC_NO_COMMON_BLOCKS = YES;
				GCC_WARN_64_TO_32_BIT_CONVERSION = YES;
				GCC_WARN_ABOUT_RETURN_TYPE = YES_ERROR;
				GCC_WARN_UNDECLARED_SELECTOR = YES;
				GCC_WARN_UNINITIALIZED_AUTOS = YES_AGGRESSIVE;
				GCC_WARN_UNUSED_FUNCTION = YES;
				GCC_WARN_UNUSED_VARIABLE = YES;
				IPHONEOS_DEPLOYMENT_TARGET = 13.2;
				MTL_ENABLE_DEBUG_INFO = NO;
				MTL_FAST_MATH = YES;
				SDKROOT = iphoneos;
				SWIFT_COMPILATION_MODE = wholemodule;
				SWIFT_OPTIMIZATION_LEVEL = "-O";
				VALIDATE_PRODUCT = YES;
			};
			name = Release;
		};
		48A78159249E229D001209DA /* Debug */ = {
			isa = XCBuildConfiguration;
			baseConfigurationReference = A05416F12F7CB59FED7F7ACC /* Pods-TwitterClone.debug.xcconfig */;
			buildSettings = {
				ASSETCATALOG_COMPILER_APPICON_NAME = AppIcon;
				CODE_SIGN_STYLE = Automatic;
				INFOPLIST_FILE = TwitterClone/Info.plist;
				LD_RUNPATH_SEARCH_PATHS = (
					"$(inherited)",
					"@executable_path/Frameworks",
				);
				PRODUCT_BUNDLE_IDENTIFIER = Sudhanshu.TwitterClone;
				PRODUCT_NAME = TwitterMVVM;
				SWIFT_VERSION = 5.0;
				TARGETED_DEVICE_FAMILY = "1,2";
			};
			name = Debug;
		};
		48A7815A249E229D001209DA /* Release */ = {
			isa = XCBuildConfiguration;
			baseConfigurationReference = 64BCD31269A9BA30793D3CD5 /* Pods-TwitterClone.release.xcconfig */;
			buildSettings = {
				ASSETCATALOG_COMPILER_APPICON_NAME = AppIcon;
				CODE_SIGN_STYLE = Automatic;
				INFOPLIST_FILE = TwitterClone/Info.plist;
				LD_RUNPATH_SEARCH_PATHS = (
					"$(inherited)",
					"@executable_path/Frameworks",
				);
				PRODUCT_BUNDLE_IDENTIFIER = Sudhanshu.TwitterClone;
				PRODUCT_NAME = TwitterMVVM;
				SWIFT_VERSION = 5.0;
				TARGETED_DEVICE_FAMILY = "1,2";
			};
			name = Release;
		};
/* End XCBuildConfiguration section */

/* Begin XCConfigurationList section */
		48A7813F249E229C001209DA /* Build configuration list for PBXProject "TwitterClone" */ = {
			isa = XCConfigurationList;
			buildConfigurations = (
				48A78156249E229D001209DA /* Debug */,
				48A78157249E229D001209DA /* Release */,
			);
			defaultConfigurationIsVisible = 0;
			defaultConfigurationName = Release;
		};
		48A78158249E229D001209DA /* Build configuration list for PBXNativeTarget "TwitterClone" */ = {
			isa = XCConfigurationList;
			buildConfigurations = (
				48A78159249E229D001209DA /* Debug */,
				48A7815A249E229D001209DA /* Release */,
			);
			defaultConfigurationIsVisible = 0;
			defaultConfigurationName = Release;
		};
/* End XCConfigurationList section */
	};
	rootObject = 48A7813C249E229C001209DA /* Project object */;
}
