// !$*UTF8*$!
{
	archiveVersion = 1;
	classes = {
	};
	objectVersion = 50;
	objects = {

/* Begin PBXBuildFile section */
		482DA20A249E4C1900F77BCF /* MainTabBarController.swift in Sources */ = {isa = PBXBuildFile; fileRef = 482DA209249E4C1900F77BCF /* MainTabBarController.swift */; };
		48812415249E7BF00024A3DD /* FeedViewController.swift in Sources */ = {isa = PBXBuildFile; fileRef = 48812414249E7BF00024A3DD /* FeedViewController.swift */; };
		48812417249E7D310024A3DD /* ExploreViewController.swift in Sources */ = {isa = PBXBuildFile; fileRef = 48812416249E7D310024A3DD /* ExploreViewController.swift */; };
		48812419249E7D500024A3DD /* NotificationsViewController.swift in Sources */ = {isa = PBXBuildFile; fileRef = 48812418249E7D500024A3DD /* NotificationsViewController.swift */; };
		4881241B249E7D880024A3DD /* ConversationViewController.swift in Sources */ = {isa = PBXBuildFile; fileRef = 4881241A249E7D880024A3DD /* ConversationViewController.swift */; };
		4881241D249E80170024A3DD /* Assets.xcassets in Resources */ = {isa = PBXBuildFile; fileRef = 4881241C249E80160024A3DD /* Assets.xcassets */; };
		48A78148249E229C001209DA /* AppDelegate.swift in Sources */ = {isa = PBXBuildFile; fileRef = 48A78147249E229C001209DA /* AppDelegate.swift */; };
		48A7814A249E229C001209DA /* SceneDelegate.swift in Sources */ = {isa = PBXBuildFile; fileRef = 48A78149249E229C001209DA /* SceneDelegate.swift */; };
		48A7814F249E229C001209DA /* Main.storyboard in Resources */ = {isa = PBXBuildFile; fileRef = 48A7814D249E229C001209DA /* Main.storyboard */; };
		48A78154249E229D001209DA /* LaunchScreen.storyboard in Resources */ = {isa = PBXBuildFile; fileRef = 48A78152249E229D001209DA /* LaunchScreen.storyboard */; };
/* End PBXBuildFile section */

/* Begin PBXFileReference section */
		482DA209249E4C1900F77BCF /* MainTabBarController.swift */ = {isa = PBXFileReference; lastKnownFileType = sourcecode.swift; path = MainTabBarController.swift; sourceTree = "<group>"; };
		48812414249E7BF00024A3DD /* FeedViewController.swift */ = {isa = PBXFileReference; lastKnownFileType = sourcecode.swift; path = FeedViewController.swift; sourceTree = "<group>"; };
		48812416249E7D310024A3DD /* ExploreViewController.swift */ = {isa = PBXFileReference; lastKnownFileType = sourcecode.swift; path = ExploreViewController.swift; sourceTree = "<group>"; };
		48812418249E7D500024A3DD /* NotificationsViewController.swift */ = {isa = PBXFileReference; lastKnownFileType = sourcecode.swift; path = NotificationsViewController.swift; sourceTree = "<group>"; };
		4881241A249E7D880024A3DD /* ConversationViewController.swift */ = {isa = PBXFileReference; lastKnownFileType = sourcecode.swift; path = ConversationViewController.swift; sourceTree = "<group>"; };
		4881241C249E80160024A3DD /* Assets.xcassets */ = {isa = PBXFileReference; lastKnownFileType = folder.assetcatalog; name = Assets.xcassets; path = ../../../../Desktop/Swift_Twitter_MVVM/Assets.xcassets; sourceTree = "<group>"; };
		48A78144249E229C001209DA /* TwitterMVVM.app */ = {isa = PBXFileReference; explicitFileType = wrapper.application; includeInIndex = 0; path = TwitterMVVM.app; sourceTree = BUILT_PRODUCTS_DIR; };
		48A78147249E229C001209DA /* AppDelegate.swift */ = {isa = PBXFileReference; lastKnownFileType = sourcecode.swift; path = AppDelegate.swift; sourceTree = "<group>"; };
		48A78149249E229C001209DA /* SceneDelegate.swift */ = {isa = PBXFileReference; lastKnownFileType = sourcecode.swift; path = SceneDelegate.swift; sourceTree = "<group>"; };
		48A7814E249E229C001209DA /* Base */ = {isa = PBXFileReference; lastKnownFileType = file.storyboard; name = Base; path = Base.lproj/Main.storyboard; sourceTree = "<group>"; };
		48A78153249E229D001209DA /* Base */ = {isa = PBXFileReference; lastKnownFileType = file.storyboard; name = Base; path = Base.lproj/LaunchScreen.storyboard; sourceTree = "<group>"; };
		48A78155249E229D001209DA /* Info.plist */ = {isa = PBXFileReference; lastKnownFileType = text.plist.xml; path = Info.plist; sourceTree = "<group>"; };
/* End PBXFileReference section */

/* Begin PBXFrameworksBuildPhase section */
		48A78141249E229C001209DA /* Frameworks */ = {
			isa = PBXFrameworksBuildPhase;
			buildActionMask = 2147483647;
			files = (
			);
			runOnlyForDeploymentPostprocessing = 0;
		};
/* End PBXFrameworksBuildPhase section */

/* Begin PBXGroup section */
		482DA203249E255800F77BCF /* Util */ = {
			isa = PBXGroup;
			children = (
			);
			path = Util;
			sourceTree = "<group>";
		};
		482DA204249E256300F77BCF /* API */ = {
			isa = PBXGroup;
			children = (
			);
			path = API;
			sourceTree = "<group>";
		};
		482DA205249E256600F77BCF /* Controllers */ = {
			isa = PBXGroup;
			children = (
				482DA209249E4C1900F77BCF /* MainTabBarController.swift */,
				48812414249E7BF00024A3DD /* FeedViewController.swift */,
				48812416249E7D310024A3DD /* ExploreViewController.swift */,
				48812418249E7D500024A3DD /* NotificationsViewController.swift */,
				4881241A249E7D880024A3DD /* ConversationViewController.swift */,
			);
			path = Controllers;
			sourceTree = "<group>";
		};
		482DA206249E256900F77BCF /* ModelView */ = {
			isa = PBXGroup;
			children = (
			);
			path = ModelView;
			sourceTree = "<group>";
		};
		482DA207249E256C00F77BCF /* Model */ = {
			isa = PBXGroup;
			children = (
			);
			path = Model;
			sourceTree = "<group>";
		};
		482DA208249E256F00F77BCF /* View */ = {
			isa = PBXGroup;
			children = (
			);
			path = View;
			sourceTree = "<group>";
		};
		48A7813B249E229C001209DA = {
			isa = PBXGroup;
			children = (
				48A78146249E229C001209DA /* TwitterClone */,
				48A78145249E229C001209DA /* Products */,
			);
			sourceTree = "<group>";
		};
		48A78145249E229C001209DA /* Products */ = {
			isa = PBXGroup;
			children = (
				48A78144249E229C001209DA /* TwitterMVVM.app */,
			);
			name = Products;
			sourceTree = "<group>";
		};
		48A78146249E229C001209DA /* TwitterClone */ = {
			isa = PBXGroup;
			children = (
				482DA208249E256F00F77BCF /* View */,
				482DA207249E256C00F77BCF /* Model */,
				482DA206249E256900F77BCF /* ModelView */,
				482DA205249E256600F77BCF /* Controllers */,
				482DA204249E256300F77BCF /* API */,
				482DA203249E255800F77BCF /* Util */,
				48A78147249E229C001209DA /* AppDelegate.swift */,
				48A78149249E229C001209DA /* SceneDelegate.swift */,
				4881241C249E80160024A3DD /* Assets.xcassets */,
				48A7814D249E229C001209DA /* Main.storyboard */,
				48A78152249E229D001209DA /* LaunchScreen.storyboard */,
				48A78155249E229D001209DA /* Info.plist */,
			);
			path = TwitterClone;
			sourceTree = "<group>";
		};
/* End PBXGroup section */

/* Begin PBXNativeTarget section */
		48A78143249E229C001209DA /* TwitterClone */ = {
			isa = PBXNativeTarget;
			buildConfigurationList = 48A78158249E229D001209DA /* Build configuration list for PBXNativeTarget "TwitterClone" */;
			buildPhases = (
				48A78140249E229C001209DA /* Sources */,
				48A78141249E229C001209DA /* Frameworks */,
				48A78142249E229C001209DA /* Resources */,
			);
			buildRules = (
			);
			dependencies = (
			);
			name = TwitterClone;
			productName = TwitterClone;
			productReference = 48A78144249E229C001209DA /* TwitterMVVM.app */;
			productType = "com.apple.product-type.application";
		};
/* End PBXNativeTarget section */

/* Begin PBXProject section */
		48A7813C249E229C001209DA /* Project object */ = {
			isa = PBXProject;
			attributes = {
				LastSwiftUpdateCheck = 1130;
				LastUpgradeCheck = 1130;
				ORGANIZATIONNAME = "Sudhanshu-Air";
				TargetAttributes = {
					48A78143249E229C001209DA = {
						CreatedOnToolsVersion = 11.3.1;
					};
				};
			};
			buildConfigurationList = 48A7813F249E229C001209DA /* Build configuration list for PBXProject "TwitterClone" */;
			compatibilityVersion = "Xcode 9.3";
			developmentRegion = en;
			hasScannedForEncodings = 0;
			knownRegions = (
				en,
				Base,
			);
			mainGroup = 48A7813B249E229C001209DA;
			productRefGroup = 48A78145249E229C001209DA /* Products */;
			projectDirPath = "";
			projectRoot = "";
			targets = (
				48A78143249E229C001209DA /* TwitterClone */,
			);
		};
/* End PBXProject section */

/* Begin PBXResourcesBuildPhase section */
		48A78142249E229C001209DA /* Resources */ = {
			isa = PBXResourcesBuildPhase;
			buildActionMask = 2147483647;
			files = (
				48A78154249E229D001209DA /* LaunchScreen.storyboard in Resources */,
				4881241D249E80170024A3DD /* Assets.xcassets in Resources */,
				48A7814F249E229C001209DA /* Main.storyboard in Resources */,
			);
			runOnlyForDeploymentPostprocessing = 0;
		};
/* End PBXResourcesBuildPhase section */

/* Begin PBXSourcesBuildPhase section */
		48A78140249E229C001209DA /* Sources */ = {
			isa = PBXSourcesBuildPhase;
			buildActionMask = 2147483647;
			files = (
				4881241B249E7D880024A3DD /* ConversationViewController.swift in Sources */,
				48A78148249E229C001209DA /* AppDelegate.swift in Sources */,
				48A7814A249E229C001209DA /* SceneDelegate.swift in Sources */,
				48812417249E7D310024A3DD /* ExploreViewController.swift in Sources */,
				48812419249E7D500024A3DD /* NotificationsViewController.swift in Sources */,
				48812415249E7BF00024A3DD /* FeedViewController.swift in Sources */,
				482DA20A249E4C1900F77BCF /* MainTabBarController.swift in Sources */,
			);
			runOnlyForDeploymentPostprocessing = 0;
		};
/* End PBXSourcesBuildPhase section */

/* Begin PBXVariantGroup section */
		48A7814D249E229C001209DA /* Main.storyboard */ = {
			isa = PBXVariantGroup;
			children = (
				48A7814E249E229C001209DA /* Base */,
			);
			name = Main.storyboard;
			sourceTree = "<group>";
		};
		48A78152249E229D001209DA /* LaunchScreen.storyboard */ = {
			isa = PBXVariantGroup;
			children = (
				48A78153249E229D001209DA /* Base */,
			);
			name = LaunchScreen.storyboard;
			sourceTree = "<group>";
		};
/* End PBXVariantGroup section */

/* Begin XCBuildConfiguration section */
		48A78156249E229D001209DA /* Debug */ = {
			isa = XCBuildConfiguration;
			buildSettings = {
				ALWAYS_SEARCH_USER_PATHS = NO;
				CLANG_ANALYZER_NONNULL = YES;
				CLANG_ANALYZER_NUMBER_OBJECT_CONVERSION = YES_AGGRESSIVE;
				CLANG_CXX_LANGUAGE_STANDARD = "gnu++14";
				CLANG_CXX_LIBRARY = "libc++";
				CLANG_ENABLE_MODULES = YES;
				CLANG_ENABLE_OBJC_ARC = YES;
				CLANG_ENABLE_OBJC_WEAK = YES;
				CLANG_WARN_BLOCK_CAPTURE_AUTORELEASING = YES;
				CLANG_WARN_BOOL_CONVERSION = YES;
				CLANG_WARN_COMMA = YES;
				CLANG_WARN_CONSTANT_CONVERSION = YES;
				CLANG_WARN_DEPRECATED_OBJC_IMPLEMENTATIONS = YES;
				CLANG_WARN_DIRECT_OBJC_ISA_USAGE = YES_ERROR;
				CLANG_WARN_DOCUMENTATION_COMMENTS = YES;
				CLANG_WARN_EMPTY_BODY = YES;
				CLANG_WARN_ENUM_CONVERSION = YES;
				CLANG_WARN_INFINITE_RECURSION = YES;
				CLANG_WARN_INT_CONVERSION = YES;
				CLANG_WARN_NON_LITERAL_NULL_CONVERSION = YES;
				CLANG_WARN_OBJC_IMPLICIT_RETAIN_SELF = YES;
				CLANG_WARN_OBJC_LITERAL_CONVERSION = YES;
				CLANG_WARN_OBJC_ROOT_CLASS = YES_ERROR;
				CLANG_WARN_RANGE_LOOP_ANALYSIS = YES;
				CLANG_WARN_STRICT_PROTOTYPES = YES;
				CLANG_WARN_SUSPICIOUS_MOVE = YES;
				CLANG_WARN_UNGUARDED_AVAILABILITY = YES_AGGRESSIVE;
				CLANG_WARN_UNREACHABLE_CODE = YES;
				CLANG_WARN__DUPLICATE_METHOD_MATCH = YES;
				COPY_PHASE_STRIP = NO;
				DEBUG_INFORMATION_FORMAT = dwarf;
				ENABLE_STRICT_OBJC_MSGSEND = YES;
				ENABLE_TESTABILITY = YES;
				GCC_C_LANGUAGE_STANDARD = gnu11;
				GCC_DYNAMIC_NO_PIC = NO;
				GCC_NO_COMMON_BLOCKS = YES;
				GCC_OPTIMIZATION_LEVEL = 0;
				GCC_PREPROCESSOR_DEFINITIONS = (
					"DEBUG=1",
					"$(inherited)",
				);
				GCC_WARN_64_TO_32_BIT_CONVERSION = YES;
				GCC_WARN_ABOUT_RETURN_TYPE = YES_ERROR;
				GCC_WARN_UNDECLARED_SELECTOR = YES;
				GCC_WARN_UNINITIALIZED_AUTOS = YES_AGGRESSIVE;
				GCC_WARN_UNUSED_FUNCTION = YES;
				GCC_WARN_UNUSED_VARIABLE = YES;
				IPHONEOS_DEPLOYMENT_TARGET = 13.2;
				MTL_ENABLE_DEBUG_INFO = INCLUDE_SOURCE;
				MTL_FAST_MATH = YES;
				ONLY_ACTIVE_ARCH = YES;
				SDKROOT = iphoneos;
				SWIFT_ACTIVE_COMPILATION_CONDITIONS = DEBUG;
				SWIFT_OPTIMIZATION_LEVEL = "-Onone";
			};
			name = Debug;
		};
		48A78157249E229D001209DA /* Release */ = {
			isa = XCBuildConfiguration;
			buildSettings = {
				ALWAYS_SEARCH_USER_PATHS = NO;
				CLANG_ANALYZER_NONNULL = YES;
				CLANG_ANALYZER_NUMBER_OBJECT_CONVERSION = YES_AGGRESSIVE;
				CLANG_CXX_LANGUAGE_STANDARD = "gnu++14";
				CLANG_CXX_LIBRARY = "libc++";
				CLANG_ENABLE_MODULES = YES;
				CLANG_ENABLE_OBJC_ARC = YES;
				CLANG_ENABLE_OBJC_WEAK = YES;
				CLANG_WARN_BLOCK_CAPTURE_AUTORELEASING = YES;
				CLANG_WARN_BOOL_CONVERSION = YES;
				CLANG_WARN_COMMA = YES;
				CLANG_WARN_CONSTANT_CONVERSION = YES;
				CLANG_WARN_DEPRECATED_OBJC_IMPLEMENTATIONS = YES;
				CLANG_WARN_DIRECT_OBJC_ISA_USAGE = YES_ERROR;
				CLANG_WARN_DOCUMENTATION_COMMENTS = YES;
				CLANG_WARN_EMPTY_BODY = YES;
				CLANG_WARN_ENUM_CONVERSION = YES;
				CLANG_WARN_INFINITE_RECURSION = YES;
				CLANG_WARN_INT_CONVERSION = YES;
				CLANG_WARN_NON_LITERAL_NULL_CONVERSION = YES;
				CLANG_WARN_OBJC_IMPLICIT_RETAIN_SELF = YES;
				CLANG_WARN_OBJC_LITERAL_CONVERSION = YES;
				CLANG_WARN_OBJC_ROOT_CLASS = YES_ERROR;
				CLANG_WARN_RANGE_LOOP_ANALYSIS = YES;
				CLANG_WARN_STRICT_PROTOTYPES = YES;
				CLANG_WARN_SUSPICIOUS_MOVE = YES;
				CLANG_WARN_UNGUARDED_AVAILABILITY = YES_AGGRESSIVE;
				CLANG_WARN_UNREACHABLE_CODE = YES;
				CLANG_WARN__DUPLICATE_METHOD_MATCH = YES;
				COPY_PHASE_STRIP = NO;
				DEBUG_INFORMATION_FORMAT = "dwarf-with-dsym";
				ENABLE_NS_ASSERTIONS = NO;
				ENABLE_STRICT_OBJC_MSGSEND = YES;
				GCC_C_LANGUAGE_STANDARD = gnu11;
				GCC_NO_COMMON_BLOCKS = YES;
				GCC_WARN_64_TO_32_BIT_CONVERSION = YES;
				GCC_WARN_ABOUT_RETURN_TYPE = YES_ERROR;
				GCC_WARN_UNDECLARED_SELECTOR = YES;
				GCC_WARN_UNINITIALIZED_AUTOS = YES_AGGRESSIVE;
				GCC_WARN_UNUSED_FUNCTION = YES;
				GCC_WARN_UNUSED_VARIABLE = YES;
				IPHONEOS_DEPLOYMENT_TARGET = 13.2;
				MTL_ENABLE_DEBUG_INFO = NO;
				MTL_FAST_MATH = YES;
				SDKROOT = iphoneos;
				SWIFT_COMPILATION_MODE = wholemodule;
				SWIFT_OPTIMIZATION_LEVEL = "-O";
				VALIDATE_PRODUCT = YES;
			};
			name = Release;
		};
		48A78159249E229D001209DA /* Debug */ = {
			isa = XCBuildConfiguration;
			buildSettings = {
				ASSETCATALOG_COMPILER_APPICON_NAME = AppIcon;
				CODE_SIGN_STYLE = Automatic;
				INFOPLIST_FILE = TwitterClone/Info.plist;
				LD_RUNPATH_SEARCH_PATHS = (
					"$(inherited)",
					"@executable_path/Frameworks",
				);
				PRODUCT_BUNDLE_IDENTIFIER = Sudhanshu.TwitterClone;
				PRODUCT_NAME = TwitterMVVM;
				SWIFT_VERSION = 5.0;
				TARGETED_DEVICE_FAMILY = "1,2";
			};
			name = Debug;
		};
		48A7815A249E229D001209DA /* Release */ = {
			isa = XCBuildConfiguration;
			buildSettings = {
				ASSETCATALOG_COMPILER_APPICON_NAME = AppIcon;
				CODE_SIGN_STYLE = Automatic;
				INFOPLIST_FILE = TwitterClone/Info.plist;
				LD_RUNPATH_SEARCH_PATHS = (
					"$(inherited)",
					"@executable_path/Frameworks",
				);
				PRODUCT_BUNDLE_IDENTIFIER = Sudhanshu.TwitterClone;
				PRODUCT_NAME = TwitterMVVM;
				SWIFT_VERSION = 5.0;
				TARGETED_DEVICE_FAMILY = "1,2";
			};
			name = Release;
		};
/* End XCBuildConfiguration section */

/* Begin XCConfigurationList section */
		48A7813F249E229C001209DA /* Build configuration list for PBXProject "TwitterClone" */ = {
			isa = XCConfigurationList;
			buildConfigurations = (
				48A78156249E229D001209DA /* Debug */,
				48A78157249E229D001209DA /* Release */,
			);
			defaultConfigurationIsVisible = 0;
			defaultConfigurationName = Release;
		};
		48A78158249E229D001209DA /* Build configuration list for PBXNativeTarget "TwitterClone" */ = {
			isa = XCConfigurationList;
			buildConfigurations = (
				48A78159249E229D001209DA /* Debug */,
				48A7815A249E229D001209DA /* Release */,
			);
			defaultConfigurationIsVisible = 0;
			defaultConfigurationName = Release;
		};
/* End XCConfigurationList section */
	};
	rootObject = 48A7813C249E229C001209DA /* Project object */;
}
